schema: '2.0'
stages:
  preprocess:
    cmd: python src/preprocessing.py
    deps:
    - path: data/raw/emp_attrition_csv.csv
      hash: md5
      md5: b77e8c9f4002ca948a716e119e25fc0c
      size: 9817793
    - path: src/preprocessing.py
      hash: md5
      md5: 1c49f10c57940dc8de766cea5fcdd6ec
      size: 1986
    outs:
    - path: data/processed/emp_attrition_cleaned.csv
      hash: md5
      md5: 89626f344b3fbd3e382271b86a14fd96
      size: 11859710
  feature_engineering:
    cmd: python src/feature_engineering.py
    deps:
    - path: data/processed/emp_attrition_cleaned.csv
      hash: md5
      md5: 89626f344b3fbd3e382271b86a14fd96
      size: 11859710
    - path: src/feature_engineering.py
      hash: md5
      md5: 815894e607d3c5fbbe798771e7893ff4
      size: 2949
    outs:
    - path: data/processed/emp_attrition_features.csv
      hash: md5
      md5: 7685d27e1f2022a422d518f83ee7a0a0
      size: 20203165
    - path: models/feature_columns.pkl
      hash: md5
      md5: ccabddc63fc60ba023b14770da83f488
      size: 1369
    - path: models/scaler.pkl
      hash: md5
      md5: 595eeda4163cbe42011f6ec0c452e9b6
      size: 1119
  train:
    cmd: python src/train.py
    deps:
    - path: data/processed/emp_attrition_features.csv
      hash: md5
      md5: 7685d27e1f2022a422d518f83ee7a0a0
      size: 20203165
    - path: models/feature_columns.pkl
      hash: md5
      md5: ccabddc63fc60ba023b14770da83f488
      size: 1369
    - path: models/scaler.pkl
      hash: md5
      md5: 595eeda4163cbe42011f6ec0c452e9b6
      size: 1119
    - path: src/train.py
      hash: md5
      md5: faed3576c0df99e9f576af1ca09e5b0a
      size: 9261
    outs:
    - path: mlruns
      hash: md5
      md5: 25d5ebcd3ff10f5e0fc6a29a22c30a66.dir
      size: 195569855
      nfiles: 25
    - path: models/decision_tree.pkl
      hash: md5
      md5: dedc9cb3ed86fa2ec0d722f01af240e5
      size: 2267609
    - path: models/logistic_regression.pkl
      hash: md5
      md5: 58fe5d8c2e91f6c96cced6d2d7ae2344
      size: 2911
    - path: models/random_forest.pkl
      hash: md5
      md5: 1b020128aa497366cdd46a7125a54099
      size: 188729129
    - path: models/xgboost.pkl
      hash: md5
      md5: a224325f0c51406a3ead2d40afd5d080
      size: 2304307
  evaluate:
    cmd: python src/evaluate.py
    deps:
    - path: data/processed/emp_attrition_features.csv
      hash: md5
      md5: 7685d27e1f2022a422d518f83ee7a0a0
      size: 20203165
    - path: models/decision_tree.pkl
      hash: md5
      md5: dedc9cb3ed86fa2ec0d722f01af240e5
      size: 2267609
    - path: models/logistic_regression.pkl
      hash: md5
      md5: 58fe5d8c2e91f6c96cced6d2d7ae2344
      size: 2911
    - path: models/random_forest.pkl
      hash: md5
      md5: 1b020128aa497366cdd46a7125a54099
      size: 188729129
    - path: models/xgboost.pkl
      hash: md5
      md5: a224325f0c51406a3ead2d40afd5d080
      size: 2304307
    - path: src/evaluate.py
      hash: md5
      md5: 431635dac3e3c9755a36a0161061d92c
      size: 5322
