schema: '2.0'
stages:
  preprocess:
    cmd: python src/preprocessing.py
    deps:
    - path: data/raw/emp_attrition_csv.csv
      hash: md5
      md5: b77e8c9f4002ca948a716e119e25fc0c
      size: 9817793
    - path: src/preprocessing.py
      hash: md5
      md5: 57c45d5022fc9f93a691b2053542ad54
      size: 2047
    outs:
    - path: data/processed/emp_attrition_cleaned.csv
      hash: md5
      md5: 5a1454ebada4f70d2d50373bb4ca288f
      size: 11785211
  feature_engineering:
    cmd: python src/feature_engineering.py
    deps:
    - path: data/processed/emp_attrition_cleaned.csv
      hash: md5
      md5: 5a1454ebada4f70d2d50373bb4ca288f
      size: 11785211
    - path: src/feature_engineering.py
      hash: md5
      md5: 5b14e3168b55a9adad3c279533364257
      size: 3164
    outs:
    - path: data/processed/emp_attrition_features.csv
      hash: md5
      md5: b2045bbdaa2f94a1a6e63ba15632064d
      size: 20128666
    - path: data/processed/emp_attrition_features.parquet
      hash: md5
      md5: 28ac53fae2e9405314025ab05b6dab81
      size: 1553514
    - path: models/feature_columns.pkl
      hash: md5
      md5: ccabddc63fc60ba023b14770da83f488
      size: 1369
    - path: models/scaler.pkl
      hash: md5
      md5: 98164571c1ce5f142622ecf9157679af
      size: 1151
  train:
    cmd: python src/train.py
    deps:
    - path: data/processed/emp_attrition_features.parquet
      hash: md5
      md5: 28ac53fae2e9405314025ab05b6dab81
      size: 1553514
    - path: feature_repo/feature_repo/feature_views.py
      hash: md5
      md5: b5600f77b1319e7dcd3f7bc3e1c6a182
      size: 4527
    - path: models/feature_columns.pkl
      hash: md5
      md5: ccabddc63fc60ba023b14770da83f488
      size: 1369
    - path: models/scaler.pkl
      hash: md5
      md5: 98164571c1ce5f142622ecf9157679af
      size: 1151
    - path: src/train.py
      hash: md5
      md5: 1f948b2f6d48e280ec0a14dd4a432ff3
      size: 9177
    outs:
    - path: models/decision_tree.pkl
      hash: md5
      md5: 0ecdad0e740915e66b8f0d692d4706e8
      size: 109241
    - path: models/logistic_regression.pkl
      hash: md5
      md5: 25eba3b78f3d30f78568b84c5d6fddbf
      size: 2911
    - path: models/random_forest.pkl
      hash: md5
      md5: fd1f39843c472aaccee05b6cfd8d7124
      size: 21966569
    - path: models/xgboost.pkl
      hash: md5
      md5: 215ee2ae6d9b41caf0cb5e4c146d69f1
      size: 240287
  evaluate:
    cmd: python src/evaluate.py
    deps:
    - path: data/processed/emp_attrition_features.csv
      hash: md5
      md5: b2045bbdaa2f94a1a6e63ba15632064d
      size: 20128666
    - path: models/decision_tree.pkl
      hash: md5
      md5: 0ecdad0e740915e66b8f0d692d4706e8
      size: 109241
    - path: models/logistic_regression.pkl
      hash: md5
      md5: 25eba3b78f3d30f78568b84c5d6fddbf
      size: 2911
    - path: models/random_forest.pkl
      hash: md5
      md5: fd1f39843c472aaccee05b6cfd8d7124
      size: 21966569
    - path: models/xgboost.pkl
      hash: md5
      md5: 215ee2ae6d9b41caf0cb5e4c146d69f1
      size: 240287
    - path: src/evaluate.py
      hash: md5
      md5: 8107665e9d5a23d9332ba8c473eb70e5
      size: 5599
    outs:
    - path: evaluation/champion_model.json
      hash: md5
      md5: fdc6299e1826d73f5eae534e5d7bc9ba
      size: 72
    - path: evaluation/classification_reports.json
      hash: md5
      md5: 029dcc3b6bd30521ba0e3e0214cd86e9
      size: 1438
    - path: evaluation/metrics.json
      hash: md5
      md5: 64fc893b5671672952a07e8322dc869c
      size: 881
